{
  "name": "mahmoney",
  "requires": true,
  "lockfileVersion": 1,
  "dependencies": {
    "font-awesome-5-css": {
      "version": "5.0.8",
      "resolved": "https://registry.npmjs.org/font-awesome-5-css/-/font-awesome-5-css-5.0.8.tgz",
      "integrity": "sha1-45hOhwDrQwVAURYBih9OWd3AIwg="
    }
  }
}
